// !$*UTF8*$!
{
	archiveVersion = 1;
	classes = {};
	objectVersion = 56;
	objects = {

/* Begin PBXBuildFile section */
		A00100000000000000000001 /* SnailGameIOSApp.swift in Sources */ = {isa = PBXBuildFile; fileRef = A00200000000000000000001 /* SnailGameIOSApp.swift */; };
		A00100000000000000000002 /* ContentView.swift in Sources */ = {isa = PBXBuildFile; fileRef = A00200000000000000000002 /* ContentView.swift */; };
		A00100000000000000000003 /* Coordinate.swift in Sources */ = {isa = PBXBuildFile; fileRef = A00200000000000000000003 /* Coordinate.swift */; };
		A00100000000000000000004 /* GeoMath.swift in Sources */ = {isa = PBXBuildFile; fileRef = A00200000000000000000004 /* GeoMath.swift */; };
		A00100000000000000000005 /* GameState.swift in Sources */ = {isa = PBXBuildFile; fileRef = A00200000000000000000005 /* GameState.swift */; };
		A00100000000000000000006 /* GameViewModel.swift in Sources */ = {isa = PBXBuildFile; fileRef = A00200000000000000000006 /* GameViewModel.swift */; };
		A00100000000000000000007 /* LocationManager.swift in Sources */ = {isa = PBXBuildFile; fileRef = A00200000000000000000007 /* LocationManager.swift */; };
		A00100000000000000000008 /* Assets.xcassets in Resources */ = {isa = PBXBuildFile; fileRef = A00200000000000000000008 /* Assets.xcassets */; };
		A00100000000000000000009 /* GeoMathTests.swift in Sources */ = {isa = PBXBuildFile; fileRef = A00200000000000000000009 /* GeoMathTests.swift */; };
/* End PBXBuildFile section */

/* Begin PBXContainerItemProxy section */
		A00300000000000000000001 /* PBXContainerItemProxy */ = {isa = PBXContainerItemProxy; containerPortal = A00400000000000000000001 /* Project object */; proxyType = 1; remoteGlobalIDString = A00500000000000000000001; remoteInfo = SnailGameIOS; };
/* End PBXContainerItemProxy section */

/* Begin PBXFileReference section */
		A00200000000000000000001 /* SnailGameIOSApp.swift */ = {isa = PBXFileReference; lastKnownFileType = sourcecode.swift; path = SnailGameIOSApp.swift; sourceTree = "<group>"; };
		A00200000000000000000002 /* ContentView.swift */ = {isa = PBXFileReference; lastKnownFileType = sourcecode.swift; path = ContentView.swift; sourceTree = "<group>"; };
		A00200000000000000000003 /* Coordinate.swift */ = {isa = PBXFileReference; lastKnownFileType = sourcecode.swift; path = Coordinate.swift; sourceTree = "<group>"; };
		A00200000000000000000004 /* GeoMath.swift */ = {isa = PBXFileReference; lastKnownFileType = sourcecode.swift; path = GeoMath.swift; sourceTree = "<group>"; };
		A00200000000000000000005 /* GameState.swift */ = {isa = PBXFileReference; lastKnownFileType = sourcecode.swift; path = GameState.swift; sourceTree = "<group>"; };
		A00200000000000000000006 /* GameViewModel.swift */ = {isa = PBXFileReference; lastKnownFileType = sourcecode.swift; path = GameViewModel.swift; sourceTree = "<group>"; };
		A00200000000000000000007 /* LocationManager.swift */ = {isa = PBXFileReference; lastKnownFileType = sourcecode.swift; path = LocationManager.swift; sourceTree = "<group>"; };
		A00200000000000000000008 /* Assets.xcassets */ = {isa = PBXFileReference; lastKnownFileType = folder.assetcatalog; path = Assets.xcassets; sourceTree = "<group>"; };
		A00200000000000000000009 /* GeoMathTests.swift */ = {isa = PBXFileReference; lastKnownFileType = sourcecode.swift; path = GeoMathTests.swift; sourceTree = "<group>"; };
		A00200000000000000000010 /* Info.plist */ = {isa = PBXFileReference; lastKnownFileType = text.plist.xml; path = Info.plist; sourceTree = "<group>"; };
		A00200000000000000000011 /* SnailGameIOS.app */ = {isa = PBXFileReference; explicitFileType = wrapper.application; includeInIndex = 0; path = SnailGameIOS.app; sourceTree = BUILT_PRODUCTS_DIR; };
		A00200000000000000000012 /* SnailGameIOSTests.xctest */ = {isa = PBXFileReference; explicitFileType = wrapper.cfbundle; includeInIndex = 0; path = SnailGameIOSTests.xctest; sourceTree = BUILT_PRODUCTS_DIR; };
/* End PBXFileReference section */

/* Begin PBXFrameworksBuildPhase section */
		A00600000000000000000001 /* Frameworks */ = {isa = PBXFrameworksBuildPhase; buildActionMask = 2147483647; files = (); runOnlyForDeploymentPostprocessing = 0; };
		A00600000000000000000002 /* Frameworks */ = {isa = PBXFrameworksBuildPhase; buildActionMask = 2147483647; files = (); runOnlyForDeploymentPostprocessing = 0; };
/* End PBXFrameworksBuildPhase section */

/* Begin PBXGroup section */
		A00700000000000000000001 = {isa = PBXGroup; children = (A00700000000000000000002 /* SnailGameIOS */, A00700000000000000000006 /* SnailGameIOSTests */, A00700000000000000000007 /* Products */); sourceTree = "<group>"; };
		A00700000000000000000002 /* SnailGameIOS */ = {isa = PBXGroup; children = (A00200000000000000000001, A00200000000000000000002, A00700000000000000000003 /* Models */, A00700000000000000000004 /* ViewModels */, A00700000000000000000005 /* Services */, A00200000000000000000008, A00200000000000000000010); path = SnailGameIOS; sourceTree = "<group>"; };
		A00700000000000000000003 /* Models */ = {isa = PBXGroup; children = (A00200000000000000000003, A00200000000000000000004, A00200000000000000000005); path = Models; sourceTree = "<group>"; };
		A00700000000000000000004 /* ViewModels */ = {isa = PBXGroup; children = (A00200000000000000000006); path = ViewModels; sourceTree = "<group>"; };
		A00700000000000000000005 /* Services */ = {isa = PBXGroup; children = (A00200000000000000000007); path = Services; sourceTree = "<group>"; };
		A00700000000000000000006 /* SnailGameIOSTests */ = {isa = PBXGroup; children = (A00200000000000000000009); path = SnailGameIOSTests; sourceTree = "<group>"; };
		A00700000000000000000007 /* Products */ = {isa = PBXGroup; children = (A00200000000000000000011, A00200000000000000000012); name = Products; sourceTree = "<group>"; };
/* End PBXGroup section */

/* Begin PBXNativeTarget section */
		A00500000000000000000001 /* SnailGameIOS */ = {isa = PBXNativeTarget; buildConfigurationList = A00900000000000000000001; buildPhases = (A00800000000000000000001 /* Sources */, A00600000000000000000001 /* Frameworks */, A00800000000000000000002 /* Resources */); buildRules = (); dependencies = (); name = SnailGameIOS; productName = SnailGameIOS; productReference = A00200000000000000000011 /* SnailGameIOS.app */; productType = "com.apple.product-type.application"; };
		A00500000000000000000002 /* SnailGameIOSTests */ = {isa = PBXNativeTarget; buildConfigurationList = A00900000000000000000002; buildPhases = (A00800000000000000000003 /* Sources */, A00600000000000000000002 /* Frameworks */, A00800000000000000000004 /* Resources */); buildRules = (); dependencies = (A00A00000000000000000001 /* PBXTargetDependency */); name = SnailGameIOSTests; productName = SnailGameIOSTests; productReference = A00200000000000000000012 /* SnailGameIOSTests.xctest */; productType = "com.apple.product-type.bundle.unit-test"; };
/* End PBXNativeTarget section */

/* Begin PBXProject section */
		A00400000000000000000001 /* Project object */ = {isa = PBXProject; attributes = {BuildIndependentTargetsInParallel = 1; LastSwiftUpdateCheck = 1540; LastUpgradeCheck = 1540; TargetAttributes = {A00500000000000000000001 = {CreatedOnToolsVersion = 15.4;}; A00500000000000000000002 = {CreatedOnToolsVersion = 15.4; TestTargetID = A00500000000000000000001;};};}; buildConfigurationList = A00900000000000000000003; compatibilityVersion = "Xcode 14.0"; developmentRegion = en; hasScannedForEncodings = 0; knownRegions = (en, Base); mainGroup = A00700000000000000000001; productRefGroup = A00700000000000000000007; projectDirPath = ""; projectRoot = ""; targets = (A00500000000000000000001, A00500000000000000000002); };
/* End PBXProject section */

/* Begin PBXResourcesBuildPhase section */
		A00800000000000000000002 /* Resources */ = {isa = PBXResourcesBuildPhase; buildActionMask = 2147483647; files = (A00100000000000000000008 /* Assets.xcassets in Resources */); runOnlyForDeploymentPostprocessing = 0; };
		A00800000000000000000004 /* Resources */ = {isa = PBXResourcesBuildPhase; buildActionMask = 2147483647; files = (); runOnlyForDeploymentPostprocessing = 0; };
/* End PBXResourcesBuildPhase section */

/* Begin PBXSourcesBuildPhase section */
		A00800000000000000000001 /* Sources */ = {isa = PBXSourcesBuildPhase; buildActionMask = 2147483647; files = (A00100000000000000000001, A00100000000000000000002, A00100000000000000000003, A00100000000000000000004, A00100000000000000000005, A00100000000000000000006, A00100000000000000000007); runOnlyForDeploymentPostprocessing = 0; };
		A00800000000000000000003 /* Sources */ = {isa = PBXSourcesBuildPhase; buildActionMask = 2147483647; files = (A00100000000000000000009); runOnlyForDeploymentPostprocessing = 0; };
/* End PBXSourcesBuildPhase section */

/* Begin PBXTargetDependency section */
		A00A00000000000000000001 /* PBXTargetDependency */ = {isa = PBXTargetDependency; target = A00500000000000000000001 /* SnailGameIOS */; targetProxy = A00300000000000000000001 /* PBXContainerItemProxy */; };
/* End PBXTargetDependency section */

/* Begin XCBuildConfiguration section */
		A00B00000000000000000001 /* Debug */ = {isa = XCBuildConfiguration; buildSettings = {ALWAYS_SEARCH_USER_PATHS = NO; CLANG_ANALYZER_NONNULL = YES; CLANG_ANALYZER_NUMBER_OBJECT_CONVERSION = YES_AGGRESSIVE; CLANG_CXX_LANGUAGE_STANDARD = "gnu++20"; CLANG_ENABLE_MODULES = YES; CLANG_ENABLE_OBJC_ARC = YES; CLANG_ENABLE_OBJC_WEAK = YES; CLANG_WARN_BLOCK_CAPTURE_AUTORELEASING = YES; CLANG_WARN_BOOL_CONVERSION = YES; CLANG_WARN_COMMA = YES; CLANG_WARN_CONSTANT_CONVERSION = YES; CLANG_WARN_DEPRECATED_OBJC_IMPLEMENTATIONS = YES; CLANG_WARN_DIRECT_OBJC_ISA_USAGE = YES_ERROR; CLANG_WARN_DOCUMENTATION_COMMENTS = YES; CLANG_WARN_EMPTY_BODY = YES; CLANG_WARN_ENUM_CONVERSION = YES; CLANG_WARN_INFINITE_RECURSION = YES; CLANG_WARN_INT_CONVERSION = YES; CLANG_WARN_NON_LITERAL_NULL_CONVERSION = YES; CLANG_WARN_OBJC_IMPLICIT_RETAIN_SELF = YES; CLANG_WARN_OBJC_LITERAL_CONVERSION = YES; CLANG_WARN_OBJC_ROOT_CLASS = YES_ERROR; CLANG_WARN_QUOTED_INCLUDE_IN_FRAMEWORK_HEADER = YES; CLANG_WARN_RANGE_LOOP_ANALYSIS = YES; CLANG_WARN_STRICT_PROTOTYPES = YES; CLANG_WARN_SUSPICIOUS_MOVE = YES; CLANG_WARN_UNGUARDED_AVAILABILITY = YES_AGGRESSIVE; CLANG_WARN_UNREACHABLE_CODE = YES; CLANG_WARN__DUPLICATE_METHOD_MATCH = YES; COPY_PHASE_STRIP = NO; DEBUG_INFORMATION_FORMAT = dwarf; ENABLE_STRICT_OBJC_MSGSEND = YES; ENABLE_TESTABILITY = YES; ENABLE_USER_SCRIPT_SANDBOXING = YES; GCC_C_LANGUAGE_STANDARD = gnu17; GCC_DYNAMIC_NO_PIC = NO; GCC_NO_COMMON_BLOCKS = YES; GCC_OPTIMIZATION_LEVEL = 0; GCC_PREPROCESSOR_DEFINITIONS = ("DEBUG=1", "$(inherited)"); GCC_WARN_64_TO_32_BIT_CONVERSION = YES; GCC_WARN_ABOUT_RETURN_TYPE = YES_ERROR; GCC_WARN_UNDECLARED_SELECTOR = YES; GCC_WARN_UNINITIALIZED_AUTOS = YES_AGGRESSIVE; GCC_WARN_UNUSED_FUNCTION = YES; GCC_WARN_UNUSED_VARIABLE = YES; IPHONEOS_DEPLOYMENT_TARGET = 17.0; MTL_ENABLE_DEBUG_INFO = INCLUDE_SOURCE; MTL_FAST_MATH = YES; ONLY_ACTIVE_ARCH = YES; SDKROOT = iphoneos; SWIFT_ACTIVE_COMPILATION_CONDITIONS = DEBUG; SWIFT_OPTIMIZATION_LEVEL = "-Onone"; }; name = Debug; };
		A00B00000000000000000002 /* Release */ = {isa = XCBuildConfiguration; buildSettings = {ALWAYS_SEARCH_USER_PATHS = NO; CLANG_ANALYZER_NONNULL = YES; CLANG_ANALYZER_NUMBER_OBJECT_CONVERSION = YES_AGGRESSIVE; CLANG_CXX_LANGUAGE_STANDARD = "gnu++20"; CLANG_ENABLE_MODULES = YES; CLANG_ENABLE_OBJC_ARC = YES; CLANG_ENABLE_OBJC_WEAK = YES; CLANG_WARN_BLOCK_CAPTURE_AUTORELEASING = YES; CLANG_WARN_BOOL_CONVERSION = YES; CLANG_WARN_COMMA = YES; CLANG_WARN_CONSTANT_CONVERSION = YES; CLANG_WARN_DEPRECATED_OBJC_IMPLEMENTATIONS = YES; CLANG_WARN_DIRECT_OBJC_ISA_USAGE = YES_ERROR; CLANG_WARN_DOCUMENTATION_COMMENTS = YES; CLANG_WARN_EMPTY_BODY = YES; CLANG_WARN_ENUM_CONVERSION = YES; CLANG_WARN_INFINITE_RECURSION = YES; CLANG_WARN_INT_CONVERSION = YES; CLANG_WARN_NON_LITERAL_NULL_CONVERSION = YES; CLANG_WARN_OBJC_IMPLICIT_RETAIN_SELF = YES; CLANG_WARN_OBJC_LITERAL_CONVERSION = YES; CLANG_WARN_OBJC_ROOT_CLASS = YES_ERROR; CLANG_WARN_QUOTED_INCLUDE_IN_FRAMEWORK_HEADER = YES; CLANG_WARN_RANGE_LOOP_ANALYSIS = YES; CLANG_WARN_STRICT_PROTOTYPES = YES; CLANG_WARN_SUSPICIOUS_MOVE = YES; CLANG_WARN_UNGUARDED_AVAILABILITY = YES_AGGRESSIVE; CLANG_WARN_UNREACHABLE_CODE = YES; CLANG_WARN__DUPLICATE_METHOD_MATCH = YES; COPY_PHASE_STRIP = NO; DEBUG_INFORMATION_FORMAT = "dwarf-with-dsym"; ENABLE_NS_ASSERTIONS = NO; ENABLE_STRICT_OBJC_MSGSEND = YES; ENABLE_USER_SCRIPT_SANDBOXING = YES; GCC_C_LANGUAGE_STANDARD = gnu17; GCC_NO_COMMON_BLOCKS = YES; GCC_WARN_64_TO_32_BIT_CONVERSION = YES; GCC_WARN_ABOUT_RETURN_TYPE = YES_ERROR; GCC_WARN_UNDECLARED_SELECTOR = YES; GCC_WARN_UNINITIALIZED_AUTOS = YES_AGGRESSIVE; GCC_WARN_UNUSED_FUNCTION = YES; GCC_WARN_UNUSED_VARIABLE = YES; IPHONEOS_DEPLOYMENT_TARGET = 17.0; MTL_ENABLE_DEBUG_INFO = NO; MTL_FAST_MATH = YES; SDKROOT = iphoneos; SWIFT_COMPILATION_MODE = wholemodule; VALIDATE_PRODUCT = YES; }; name = Release; };
		A00B00000000000000000003 /* Debug */ = {isa = XCBuildConfiguration; buildSettings = {ASSETCATALOG_COMPILER_APPICON_NAME = AppIcon; ASSETCATALOG_COMPILER_GLOBAL_ACCENT_COLOR_NAME = AccentColor; CODE_SIGN_STYLE = Automatic; CURRENT_PROJECT_VERSION = 1; DEVELOPMENT_ASSET_PATHS = "SnailGameIOS/Preview Content"; GENERATE_INFOPLIST_FILE = NO; INFOPLIST_FILE = SnailGameIOS/Info.plist; MARKETING_VERSION = 1.0; PRODUCT_BUNDLE_IDENTIFIER = com.example.SnailGameIOS; PRODUCT_NAME = "$(TARGET_NAME)"; SWIFT_EMIT_LOC_STRINGS = YES; SWIFT_VERSION = 5.0; TARGETED_DEVICE_FAMILY = "1,2"; }; name = Debug; };
		A00B00000000000000000004 /* Release */ = {isa = XCBuildConfiguration; buildSettings = {ASSETCATALOG_COMPILER_APPICON_NAME = AppIcon; ASSETCATALOG_COMPILER_GLOBAL_ACCENT_COLOR_NAME = AccentColor; CODE_SIGN_STYLE = Automatic; CURRENT_PROJECT_VERSION = 1; GENERATE_INFOPLIST_FILE = NO; INFOPLIST_FILE = SnailGameIOS/Info.plist; MARKETING_VERSION = 1.0; PRODUCT_BUNDLE_IDENTIFIER = com.example.SnailGameIOS; PRODUCT_NAME = "$(TARGET_NAME)"; SWIFT_EMIT_LOC_STRINGS = YES; SWIFT_VERSION = 5.0; TARGETED_DEVICE_FAMILY = "1,2"; }; name = Release; };
		A00B00000000000000000005 /* Debug */ = {isa = XCBuildConfiguration; buildSettings = {BUNDLE_LOADER = "$(TEST_HOST)"; CODE_SIGN_STYLE = Automatic; GENERATE_INFOPLIST_FILE = YES; IPHONEOS_DEPLOYMENT_TARGET = 17.0; PRODUCT_BUNDLE_IDENTIFIER = com.example.SnailGameIOSTests; PRODUCT_NAME = "$(TARGET_NAME)"; SWIFT_VERSION = 5.0; TEST_HOST = "$(BUILT_PRODUCTS_DIR)/SnailGameIOS.app/$(BUNDLE_EXECUTABLE_FOLDER_PATH)/SnailGameIOS"; }; name = Debug; };
		A00B00000000000000000006 /* Release */ = {isa = XCBuildConfiguration; buildSettings = {BUNDLE_LOADER = "$(TEST_HOST)"; CODE_SIGN_STYLE = Automatic; GENERATE_INFOPLIST_FILE = YES; IPHONEOS_DEPLOYMENT_TARGET = 17.0; PRODUCT_BUNDLE_IDENTIFIER = com.example.SnailGameIOSTests; PRODUCT_NAME = "$(TARGET_NAME)"; SWIFT_VERSION = 5.0; TEST_HOST = "$(BUILT_PRODUCTS_DIR)/SnailGameIOS.app/$(BUNDLE_EXECUTABLE_FOLDER_PATH)/SnailGameIOS"; }; name = Release; };
/* End XCBuildConfiguration section */

/* Begin XCConfigurationList section */
		A00900000000000000000001 /* Build configuration list for PBXNativeTarget "SnailGameIOS" */ = {isa = XCConfigurationList; buildConfigurations = (A00B00000000000000000003 /* Debug */, A00B00000000000000000004 /* Release */); defaultConfigurationIsVisible = 0; defaultConfigurationName = Release; };
		A00900000000000000000002 /* Build configuration list for PBXNativeTarget "SnailGameIOSTests" */ = {isa = XCConfigurationList; buildConfigurations = (A00B00000000000000000005 /* Debug */, A00B00000000000000000006 /* Release */); defaultConfigurationIsVisible = 0; defaultConfigurationName = Release; };
		A00900000000000000000003 /* Build configuration list for PBXProject "SnailGameIOS" */ = {isa = XCConfigurationList; buildConfigurations = (A00B00000000000000000001 /* Debug */, A00B00000000000000000002 /* Release */); defaultConfigurationIsVisible = 0; defaultConfigurationName = Release; };
/* End XCConfigurationList section */
	};
	rootObject = A00400000000000000000001 /* Project object */;
}
